
Microsoft Visual Studio Solution File, Format Version 12.00
# Visual Studio 14
VisualStudioVersion = 14.0.23107.0
MinimumVisualStudioVersion = 10.0.40219.1
Project("{2150E333-8FDC-42A3-9474-1A3956D46DE8}") = "Solution Items", "Solution Items", "{8BFCA7D6-5FD3-4D1C-A8B2-0212257B5B4C}"
	ProjectSection(SolutionItems) = preProject
		appveyor.yml = appveyor.yml
		common.props = common.props
		README.md = README.md
	EndProjectSection
EndProject
Project("{2150E333-8FDC-42A3-9474-1A3956D46DE8}") = "src", "src", "{8BF2A291-999D-452C-A1D2-B9B37A023040}"
	ProjectSection(SolutionItems) = preProject
		src\simply.nuspec = src\simply.nuspec
	EndProjectSection
EndProject
Project("{2150E333-8FDC-42A3-9474-1A3956D46DE8}") = "test", "test", "{2C5A8094-D989-457C-939B-8FD9B25CE147}"
EndProject
Project("{8BC9CEB8-8B4A-11D0-8D11-00A0C91BC942}") = "simply.assert", "src\assert\simply.assert.vcxproj", "{B8308EAB-0D4C-46DA-9361-D7E977AC3D76}"
EndProject
Project("{8BC9CEB8-8B4A-11D0-8D11-00A0C91BC942}") = "simply.assert.tests", "test\assert\simply.assert.tests.vcxproj", "{D89080AA-0131-4C36-B3C5-4E2A89B2C72C}"
EndProject
Project("{8BC9CEB8-8B4A-11D0-8D11-00A0C91BC942}") = "simply.utility", "src\utility\simply.utility.vcxproj", "{67D670E0-C06E-4AD2-8CCC-2DCC962140E2}"
EndProject
Project("{8BC9CEB8-8B4A-11D0-8D11-00A0C91BC942}") = "simply.utility.tests", "test\utility\simply.utility.tests.vcxproj", "{8028247B-1DD8-4E6D-A2CE-8CF986A2D7BC}"
EndProject
Project("{8BC9CEB8-8B4A-11D0-8D11-00A0C91BC942}") = "simply.com", "src\com\simply.com.vcxproj", "{5E544AF8-E5C0-4A0D-ADCF-CC5CBDAEF93A}"
EndProject
Project("{8BC9CEB8-8B4A-11D0-8D11-00A0C91BC942}") = "simply.com.tests", "test\com\simply.com.tests.vcxproj", "{5A2F0059-6B60-4299-BCBE-BBCE9F31F4ED}"
EndProject
Global
	GlobalSection(SolutionConfigurationPlatforms) = preSolution
		Debug|x64 = Debug|x64
		Debug|x86 = Debug|x86
		Release|x64 = Release|x64
		Release|x86 = Release|x86
	EndGlobalSection
	GlobalSection(ProjectConfigurationPlatforms) = postSolution
		{B8308EAB-0D4C-46DA-9361-D7E977AC3D76}.Debug|x64.ActiveCfg = Debug|x64
		{B8308EAB-0D4C-46DA-9361-D7E977AC3D76}.Debug|x64.Build.0 = Debug|x64
		{B8308EAB-0D4C-46DA-9361-D7E977AC3D76}.Debug|x86.ActiveCfg = Debug|Win32
		{B8308EAB-0D4C-46DA-9361-D7E977AC3D76}.Debug|x86.Build.0 = Debug|Win32
		{B8308EAB-0D4C-46DA-9361-D7E977AC3D76}.Release|x64.ActiveCfg = Release|x64
		{B8308EAB-0D4C-46DA-9361-D7E977AC3D76}.Release|x64.Build.0 = Release|x64
		{B8308EAB-0D4C-46DA-9361-D7E977AC3D76}.Release|x86.ActiveCfg = Release|Win32
		{B8308EAB-0D4C-46DA-9361-D7E977AC3D76}.Release|x86.Build.0 = Release|Win32
		{D89080AA-0131-4C36-B3C5-4E2A89B2C72C}.Debug|x64.ActiveCfg = Debug|x64
		{D89080AA-0131-4C36-B3C5-4E2A89B2C72C}.Debug|x64.Build.0 = Debug|x64
		{D89080AA-0131-4C36-B3C5-4E2A89B2C72C}.Debug|x86.ActiveCfg = Debug|Win32
		{D89080AA-0131-4C36-B3C5-4E2A89B2C72C}.Debug|x86.Build.0 = Debug|Win32
		{D89080AA-0131-4C36-B3C5-4E2A89B2C72C}.Release|x64.ActiveCfg = Release|x64
		{D89080AA-0131-4C36-B3C5-4E2A89B2C72C}.Release|x64.Build.0 = Release|x64
		{D89080AA-0131-4C36-B3C5-4E2A89B2C72C}.Release|x86.ActiveCfg = Release|Win32
		{D89080AA-0131-4C36-B3C5-4E2A89B2C72C}.Release|x86.Build.0 = Release|Win32
		{67D670E0-C06E-4AD2-8CCC-2DCC962140E2}.Debug|x64.ActiveCfg = Debug|x64
		{67D670E0-C06E-4AD2-8CCC-2DCC962140E2}.Debug|x64.Build.0 = Debug|x64
		{67D670E0-C06E-4AD2-8CCC-2DCC962140E2}.Debug|x86.ActiveCfg = Debug|Win32
		{67D670E0-C06E-4AD2-8CCC-2DCC962140E2}.Debug|x86.Build.0 = Debug|Win32
		{67D670E0-C06E-4AD2-8CCC-2DCC962140E2}.Release|x64.ActiveCfg = Release|x64
		{67D670E0-C06E-4AD2-8CCC-2DCC962140E2}.Release|x64.Build.0 = Release|x64
		{67D670E0-C06E-4AD2-8CCC-2DCC962140E2}.Release|x86.ActiveCfg = Release|Win32
		{67D670E0-C06E-4AD2-8CCC-2DCC962140E2}.Release|x86.Build.0 = Release|Win32
		{8028247B-1DD8-4E6D-A2CE-8CF986A2D7BC}.Debug|x64.ActiveCfg = Debug|x64
		{8028247B-1DD8-4E6D-A2CE-8CF986A2D7BC}.Debug|x64.Build.0 = Debug|x64
		{8028247B-1DD8-4E6D-A2CE-8CF986A2D7BC}.Debug|x86.ActiveCfg = Debug|Win32
		{8028247B-1DD8-4E6D-A2CE-8CF986A2D7BC}.Debug|x86.Build.0 = Debug|Win32
		{8028247B-1DD8-4E6D-A2CE-8CF986A2D7BC}.Release|x64.ActiveCfg = Release|x64
		{8028247B-1DD8-4E6D-A2CE-8CF986A2D7BC}.Release|x64.Build.0 = Release|x64
		{8028247B-1DD8-4E6D-A2CE-8CF986A2D7BC}.Release|x86.ActiveCfg = Release|Win32
		{8028247B-1DD8-4E6D-A2CE-8CF986A2D7BC}.Release|x86.Build.0 = Release|Win32
		{5E544AF8-E5C0-4A0D-ADCF-CC5CBDAEF93A}.Debug|x64.ActiveCfg = Debug|x64
		{5E544AF8-E5C0-4A0D-ADCF-CC5CBDAEF93A}.Debug|x64.Build.0 = Debug|x64
		{5E544AF8-E5C0-4A0D-ADCF-CC5CBDAEF93A}.Debug|x86.ActiveCfg = Debug|Win32
		{5E544AF8-E5C0-4A0D-ADCF-CC5CBDAEF93A}.Debug|x86.Build.0 = Debug|Win32
		{5E544AF8-E5C0-4A0D-ADCF-CC5CBDAEF93A}.Release|x64.ActiveCfg = Release|x64
		{5E544AF8-E5C0-4A0D-ADCF-CC5CBDAEF93A}.Release|x64.Build.0 = Release|x64
		{5E544AF8-E5C0-4A0D-ADCF-CC5CBDAEF93A}.Release|x86.ActiveCfg = Release|Win32
		{5E544AF8-E5C0-4A0D-ADCF-CC5CBDAEF93A}.Release|x86.Build.0 = Release|Win32
		{5A2F0059-6B60-4299-BCBE-BBCE9F31F4ED}.Debug|x64.ActiveCfg = Debug|x64
		{5A2F0059-6B60-4299-BCBE-BBCE9F31F4ED}.Debug|x64.Build.0 = Debug|x64
		{5A2F0059-6B60-4299-BCBE-BBCE9F31F4ED}.Debug|x86.ActiveCfg = Debug|Win32
		{5A2F0059-6B60-4299-BCBE-BBCE9F31F4ED}.Debug|x86.Build.0 = Debug|Win32
		{5A2F0059-6B60-4299-BCBE-BBCE9F31F4ED}.Release|x64.ActiveCfg = Release|x64
		{5A2F0059-6B60-4299-BCBE-BBCE9F31F4ED}.Release|x64.Build.0 = Release|x64
		{5A2F0059-6B60-4299-BCBE-BBCE9F31F4ED}.Release|x86.ActiveCfg = Release|Win32
		{5A2F0059-6B60-4299-BCBE-BBCE9F31F4ED}.Release|x86.Build.0 = Release|Win32
	EndGlobalSection
	GlobalSection(SolutionProperties) = preSolution
		HideSolutionNode = FALSE
	EndGlobalSection
	GlobalSection(NestedProjects) = preSolution
		{B8308EAB-0D4C-46DA-9361-D7E977AC3D76} = {8BF2A291-999D-452C-A1D2-B9B37A023040}
		{D89080AA-0131-4C36-B3C5-4E2A89B2C72C} = {2C5A8094-D989-457C-939B-8FD9B25CE147}
		{67D670E0-C06E-4AD2-8CCC-2DCC962140E2} = {8BF2A291-999D-452C-A1D2-B9B37A023040}
		{8028247B-1DD8-4E6D-A2CE-8CF986A2D7BC} = {2C5A8094-D989-457C-939B-8FD9B25CE147}
		{5E544AF8-E5C0-4A0D-ADCF-CC5CBDAEF93A} = {8BF2A291-999D-452C-A1D2-B9B37A023040}
		{5A2F0059-6B60-4299-BCBE-BBCE9F31F4ED} = {2C5A8094-D989-457C-939B-8FD9B25CE147}
	EndGlobalSection
EndGlobal
