
Microsoft Visual Studio Solution File, Format Version 12.00
# Visual Studio 14
VisualStudioVersion = 14.0.23107.0
MinimumVisualStudioVersion = 10.0.40219.1
Project("{2150E333-8FDC-42A3-9474-1A3956D46DE8}") = "Solution Items", "Solution Items", "{8BFCA7D6-5FD3-4D1C-A8B2-0212257B5B4C}"
	ProjectSection(SolutionItems) = preProject
		appveyor.yml = appveyor.yml
		common.props = common.props
		README.md = README.md
	EndProjectSection
EndProject
Project("{2150E333-8FDC-42A3-9474-1A3956D46DE8}") = "src", "src", "{8BF2A291-999D-452C-A1D2-B9B37A023040}"
	ProjectSection(SolutionItems) = preProject
		src\simply.nuspec = src\simply.nuspec
	EndProjectSection
EndProject
Project("{2150E333-8FDC-42A3-9474-1A3956D46DE8}") = "test", "test", "{2C5A8094-D989-457C-939B-8FD9B25CE147}"
EndProject
Project("{8BC9CEB8-8B4A-11D0-8D11-00A0C91BC942}") = "simply.utility", "src\utility\simply.utility.vcxproj", "{67D670E0-C06E-4AD2-8CCC-2DCC962140E2}"
EndProject
Project("{8BC9CEB8-8B4A-11D0-8D11-00A0C91BC942}") = "simply.utility.tests", "test\utility\simply.utility.tests.vcxproj", "{8028247B-1DD8-4E6D-A2CE-8CF986A2D7BC}"
EndProject
Global
	GlobalSection(SolutionConfigurationPlatforms) = preSolution
		Debug|x64 = Debug|x64
		Debug|x86 = Debug|x86
		Release|x64 = Release|x64
		Release|x86 = Release|x86
	EndGlobalSection
	GlobalSection(ProjectConfigurationPlatforms) = postSolution
		{67D670E0-C06E-4AD2-8CCC-2DCC962140E2}.Debug|x64.ActiveCfg = Debug|x64
		{67D670E0-C06E-4AD2-8CCC-2DCC962140E2}.Debug|x64.Build.0 = Debug|x64
		{67D670E0-C06E-4AD2-8CCC-2DCC962140E2}.Debug|x86.ActiveCfg = Debug|Win32
		{67D670E0-C06E-4AD2-8CCC-2DCC962140E2}.Debug|x86.Build.0 = Debug|Win32
		{67D670E0-C06E-4AD2-8CCC-2DCC962140E2}.Release|x64.ActiveCfg = Release|x64
		{67D670E0-C06E-4AD2-8CCC-2DCC962140E2}.Release|x64.Build.0 = Release|x64
		{67D670E0-C06E-4AD2-8CCC-2DCC962140E2}.Release|x86.ActiveCfg = Release|Win32
		{67D670E0-C06E-4AD2-8CCC-2DCC962140E2}.Release|x86.Build.0 = Release|Win32
		{8028247B-1DD8-4E6D-A2CE-8CF986A2D7BC}.Debug|x64.ActiveCfg = Debug|x64
		{8028247B-1DD8-4E6D-A2CE-8CF986A2D7BC}.Debug|x64.Build.0 = Debug|x64
		{8028247B-1DD8-4E6D-A2CE-8CF986A2D7BC}.Debug|x86.ActiveCfg = Debug|Win32
		{8028247B-1DD8-4E6D-A2CE-8CF986A2D7BC}.Debug|x86.Build.0 = Debug|Win32
		{8028247B-1DD8-4E6D-A2CE-8CF986A2D7BC}.Release|x64.ActiveCfg = Release|x64
		{8028247B-1DD8-4E6D-A2CE-8CF986A2D7BC}.Release|x64.Build.0 = Release|x64
		{8028247B-1DD8-4E6D-A2CE-8CF986A2D7BC}.Release|x86.ActiveCfg = Release|Win32
		{8028247B-1DD8-4E6D-A2CE-8CF986A2D7BC}.Release|x86.Build.0 = Release|Win32
	EndGlobalSection
	GlobalSection(SolutionProperties) = preSolution
		HideSolutionNode = FALSE
	EndGlobalSection
	GlobalSection(NestedProjects) = preSolution
		{67D670E0-C06E-4AD2-8CCC-2DCC962140E2} = {8BF2A291-999D-452C-A1D2-B9B37A023040}
		{8028247B-1DD8-4E6D-A2CE-8CF986A2D7BC} = {2C5A8094-D989-457C-939B-8FD9B25CE147}
	EndGlobalSection
EndGlobal
